
Microsoft Visual Studio Solution File, Format Version 12.00
# Visual Studio Version 17
VisualStudioVersion = 17.3.32819.101
MinimumVisualStudioVersion = 10.0.40219.1
Project("{FAE04EC0-301F-11D3-BF4B-00C04F79EFBC}") = "IT3047C-FinalProjectGroup6", "IT3047C-FinalProjectGroup6\IT3047C-FinalProjectGroup6.csproj", "{F6C0B443-71CD-4E32-9F4E-9A1E622FAA18}"
EndProject
Global
	GlobalSection(SolutionConfigurationPlatforms) = preSolution
		Debug|Any CPU = Debug|Any CPU
		Release|Any CPU = Release|Any CPU
	EndGlobalSection
	GlobalSection(ProjectConfigurationPlatforms) = postSolution
		{F6C0B443-71CD-4E32-9F4E-9A1E622FAA18}.Debug|Any CPU.ActiveCfg = Debug|Any CPU
		{F6C0B443-71CD-4E32-9F4E-9A1E622FAA18}.Debug|Any CPU.Build.0 = Debug|Any CPU
		{F6C0B443-71CD-4E32-9F4E-9A1E622FAA18}.Release|Any CPU.ActiveCfg = Release|Any CPU
		{F6C0B443-71CD-4E32-9F4E-9A1E622FAA18}.Release|Any CPU.Build.0 = Release|Any CPU
	EndGlobalSection
	GlobalSection(SolutionProperties) = preSolution
		HideSolutionNode = FALSE
	EndGlobalSection
	GlobalSection(ExtensibilityGlobals) = postSolution
		SolutionGuid = {5F1AED71-D179-41F4-A64F-830D7E46238C}
	EndGlobalSection
EndGlobal
